
Microsoft Visual Studio Solution File, Format Version 12.00
# Visual Studio Version 17
VisualStudioVersion = 17.14.36310.24
MinimumVisualStudioVersion = 10.0.40219.1
Project("{FAE04EC0-301F-11D3-BF4B-00C04F79EFBC}") = "Core", "Core\Core.csproj", "{DCF1D1EA-926D-48D5-A283-AD4B0A50C955}"
EndProject
Project("{FAE04EC0-301F-11D3-BF4B-00C04F79EFBC}") = "Infra", "Infra\Infra.csproj", "{CABBE6C7-4FB9-40A5-B6BA-A4CBBA9E98D1}"
EndProject
Project("{FAE04EC0-301F-11D3-BF4B-00C04F79EFBC}") = "Web", "Web\Web.csproj", "{BD623F5C-C706-4DEB-B735-D1551964EB6F}"
EndProject
Project("{FAE04EC0-301F-11D3-BF4B-00C04F79EFBC}") = "Utilities", "Utilities\Utilities.csproj", "{123E9C99-CA71-41E6-BCEA-BF46AFE9B2B4}"
EndProject
Global
	GlobalSection(SolutionConfigurationPlatforms) = preSolution
		Debug|Any CPU = Debug|Any CPU
		Release|Any CPU = Release|Any CPU
	EndGlobalSection
	GlobalSection(ProjectConfigurationPlatforms) = postSolution
		{DCF1D1EA-926D-48D5-A283-AD4B0A50C955}.Debug|Any CPU.ActiveCfg = Debug|Any CPU
		{DCF1D1EA-926D-48D5-A283-AD4B0A50C955}.Debug|Any CPU.Build.0 = Debug|Any CPU
		{DCF1D1EA-926D-48D5-A283-AD4B0A50C955}.Release|Any CPU.ActiveCfg = Release|Any CPU
		{DCF1D1EA-926D-48D5-A283-AD4B0A50C955}.Release|Any CPU.Build.0 = Release|Any CPU
		{CABBE6C7-4FB9-40A5-B6BA-A4CBBA9E98D1}.Debug|Any CPU.ActiveCfg = Debug|Any CPU
		{CABBE6C7-4FB9-40A5-B6BA-A4CBBA9E98D1}.Debug|Any CPU.Build.0 = Debug|Any CPU
		{CABBE6C7-4FB9-40A5-B6BA-A4CBBA9E98D1}.Release|Any CPU.ActiveCfg = Release|Any CPU
		{CABBE6C7-4FB9-40A5-B6BA-A4CBBA9E98D1}.Release|Any CPU.Build.0 = Release|Any CPU
		{BD623F5C-C706-4DEB-B735-D1551964EB6F}.Debug|Any CPU.ActiveCfg = Debug|Any CPU
		{BD623F5C-C706-4DEB-B735-D1551964EB6F}.Debug|Any CPU.Build.0 = Debug|Any CPU
		{BD623F5C-C706-4DEB-B735-D1551964EB6F}.Release|Any CPU.ActiveCfg = Release|Any CPU
		{BD623F5C-C706-4DEB-B735-D1551964EB6F}.Release|Any CPU.Build.0 = Release|Any CPU
		{123E9C99-CA71-41E6-BCEA-BF46AFE9B2B4}.Debug|Any CPU.ActiveCfg = Debug|Any CPU
		{123E9C99-CA71-41E6-BCEA-BF46AFE9B2B4}.Debug|Any CPU.Build.0 = Debug|Any CPU
		{123E9C99-CA71-41E6-BCEA-BF46AFE9B2B4}.Release|Any CPU.ActiveCfg = Release|Any CPU
		{123E9C99-CA71-41E6-BCEA-BF46AFE9B2B4}.Release|Any CPU.Build.0 = Release|Any CPU
	EndGlobalSection
	GlobalSection(SolutionProperties) = preSolution
		HideSolutionNode = FALSE
	EndGlobalSection
	GlobalSection(ExtensibilityGlobals) = postSolution
		SolutionGuid = {1C1CCC3C-D67F-4C3C-BEE5-12CC378B6CB7}
	EndGlobalSection
EndGlobal
